
Microsoft Visual Studio Solution File, Format Version 12.00
# Visual Studio Version 17
VisualStudioVersion = 17.0.31912.275
MinimumVisualStudioVersion = 10.0.40219.1
Project("{FAE04EC0-301F-11D3-BF4B-00C04F79EFBC}") = "GraphsAlgo", "GraphsAlgo\GraphsAlgo.csproj", "{7567CD21-4DC8-41C0-A9E8-C9AE71AD4CB4}"
EndProject
Global
	GlobalSection(SolutionConfigurationPlatforms) = preSolution
		Debug|Any CPU = Debug|Any CPU
		Release|Any CPU = Release|Any CPU
	EndGlobalSection
	GlobalSection(ProjectConfigurationPlatforms) = postSolution
		{7567CD21-4DC8-41C0-A9E8-C9AE71AD4CB4}.Debug|Any CPU.ActiveCfg = Debug|Any CPU
		{7567CD21-4DC8-41C0-A9E8-C9AE71AD4CB4}.Debug|Any CPU.Build.0 = Debug|Any CPU
		{7567CD21-4DC8-41C0-A9E8-C9AE71AD4CB4}.Release|Any CPU.ActiveCfg = Release|Any CPU
		{7567CD21-4DC8-41C0-A9E8-C9AE71AD4CB4}.Release|Any CPU.Build.0 = Release|Any CPU
	EndGlobalSection
	GlobalSection(SolutionProperties) = preSolution
		HideSolutionNode = FALSE
	EndGlobalSection
	GlobalSection(ExtensibilityGlobals) = postSolution
		SolutionGuid = {6D497E85-BDDA-472E-AFFD-E15084D57B1E}
	EndGlobalSection
EndGlobal
